// !$*UTF8*$!
{
	archiveVersion = 1;
	classes = {
	};
	objectVersion = 56;
	objects = {

/* Begin PBXBuildFile section */
		9B33C3F12A63907E007C8F5F /* MainView.swift in Sources */ = {isa = PBXBuildFile; fileRef = 9B33C3F02A63907E007C8F5F /* MainView.swift */; };
		9B33C3F32A6390D1007C8F5F /* MainViewViewModel.swift in Sources */ = {isa = PBXBuildFile; fileRef = 9B33C3F22A6390D1007C8F5F /* MainViewViewModel.swift */; };
		9B33C3F52A6399B6007C8F5F /* WeatherManager.swift in Sources */ = {isa = PBXBuildFile; fileRef = 9B33C3F42A6399B6007C8F5F /* WeatherManager.swift */; };
		9B33C3F72A6399F4007C8F5F /* LoadingView.swift in Sources */ = {isa = PBXBuildFile; fileRef = 9B33C3F62A6399F4007C8F5F /* LoadingView.swift */; };
		9B33C3F92A63AC99007C8F5F /* ModelData.swift in Sources */ = {isa = PBXBuildFile; fileRef = 9B33C3F82A63AC99007C8F5F /* ModelData.swift */; };
		9B33C3FB2A63ACBA007C8F5F /* weatherData.json in Resources */ = {isa = PBXBuildFile; fileRef = 9B33C3FA2A63ACBA007C8F5F /* weatherData.json */; };
		9B33C3FF2A63AD98007C8F5F /* CurrentWeatherView.swift in Sources */ = {isa = PBXBuildFile; fileRef = 9B33C3FE2A63AD98007C8F5F /* CurrentWeatherView.swift */; };
		9B83272D2A63022600B04F1D /* WeatherAppApp.swift in Sources */ = {isa = PBXBuildFile; fileRef = 9B83272C2A63022600B04F1D /* WeatherAppApp.swift */; };
		9B83272F2A63022600B04F1D /* ContentView.swift in Sources */ = {isa = PBXBuildFile; fileRef = 9B83272E2A63022600B04F1D /* ContentView.swift */; };
		9B8327312A63022700B04F1D /* Assets.xcassets in Resources */ = {isa = PBXBuildFile; fileRef = 9B8327302A63022700B04F1D /* Assets.xcassets */; };
		9B8327342A63022700B04F1D /* Preview Assets.xcassets in Resources */ = {isa = PBXBuildFile; fileRef = 9B8327332A63022700B04F1D /* Preview Assets.xcassets */; };
		9B83273E2A63022700B04F1D /* WeatherAppTests.swift in Sources */ = {isa = PBXBuildFile; fileRef = 9B83273D2A63022700B04F1D /* WeatherAppTests.swift */; };
		9B8327482A63022700B04F1D /* WeatherAppUITests.swift in Sources */ = {isa = PBXBuildFile; fileRef = 9B8327472A63022700B04F1D /* WeatherAppUITests.swift */; };
		9B83274A2A63022700B04F1D /* WeatherAppUITestsLaunchTests.swift in Sources */ = {isa = PBXBuildFile; fileRef = 9B8327492A63022700B04F1D /* WeatherAppUITestsLaunchTests.swift */; };
		9B83275D2A63028600B04F1D /* WelcomeView.swift in Sources */ = {isa = PBXBuildFile; fileRef = 9B83275C2A63028600B04F1D /* WelcomeView.swift */; };
		9B83275F2A63029C00B04F1D /* WelcomeViewViewModel.swift in Sources */ = {isa = PBXBuildFile; fileRef = 9B83275E2A63029C00B04F1D /* WelcomeViewViewModel.swift */; };
		9B8327612A63055F00B04F1D /* LocationManager.swift in Sources */ = {isa = PBXBuildFile; fileRef = 9B8327602A63055F00B04F1D /* LocationManager.swift */; };
		9BBC66722A683F9C0093A394 /* Color.swift in Sources */ = {isa = PBXBuildFile; fileRef = 9BBC66712A683F9C0093A394 /* Color.swift */; };
		9BBC66742A68473B0093A394 /* Double.swift in Sources */ = {isa = PBXBuildFile; fileRef = 9BBC66732A68473B0093A394 /* Double.swift */; };
		9BBC66782A6853850093A394 /* SwiftUIView.swift in Sources */ = {isa = PBXBuildFile; fileRef = 9BBC66772A6853850093A394 /* SwiftUIView.swift */; };
		9BBC667A2A6853940093A394 /* WeatherRow.swift in Sources */ = {isa = PBXBuildFile; fileRef = 9BBC66792A6853940093A394 /* WeatherRow.swift */; };
		9BE9307F2A662E5200BAE396 /* ApiManager.swift in Sources */ = {isa = PBXBuildFile; fileRef = 9BE9307E2A662E5200BAE396 /* ApiManager.swift */; };
/* End PBXBuildFile section */

/* Begin PBXContainerItemProxy section */
		9B83273A2A63022700B04F1D /* PBXContainerItemProxy */ = {
			isa = PBXContainerItemProxy;
			containerPortal = 9B8327212A63022600B04F1D /* Project object */;
			proxyType = 1;
			remoteGlobalIDString = 9B8327282A63022600B04F1D;
			remoteInfo = WeatherApp;
		};
		9B8327442A63022700B04F1D /* PBXContainerItemProxy */ = {
			isa = PBXContainerItemProxy;
			containerPortal = 9B8327212A63022600B04F1D /* Project object */;
			proxyType = 1;
			remoteGlobalIDString = 9B8327282A63022600B04F1D;
			remoteInfo = WeatherApp;
		};
/* End PBXContainerItemProxy section */

/* Begin PBXFileReference section */
		9B33C3F02A63907E007C8F5F /* MainView.swift */ = {isa = PBXFileReference; lastKnownFileType = sourcecode.swift; path = MainView.swift; sourceTree = "<group>"; };
		9B33C3F22A6390D1007C8F5F /* MainViewViewModel.swift */ = {isa = PBXFileReference; lastKnownFileType = sourcecode.swift; path = MainViewViewModel.swift; sourceTree = "<group>"; };
		9B33C3F42A6399B6007C8F5F /* WeatherManager.swift */ = {isa = PBXFileReference; lastKnownFileType = sourcecode.swift; path = WeatherManager.swift; sourceTree = "<group>"; };
		9B33C3F62A6399F4007C8F5F /* LoadingView.swift */ = {isa = PBXFileReference; lastKnownFileType = sourcecode.swift; path = LoadingView.swift; sourceTree = "<group>"; };
		9B33C3F82A63AC99007C8F5F /* ModelData.swift */ = {isa = PBXFileReference; lastKnownFileType = sourcecode.swift; path = ModelData.swift; sourceTree = "<group>"; };
		9B33C3FA2A63ACBA007C8F5F /* weatherData.json */ = {isa = PBXFileReference; lastKnownFileType = text.json; path = weatherData.json; sourceTree = "<group>"; };
		9B33C3FE2A63AD98007C8F5F /* CurrentWeatherView.swift */ = {isa = PBXFileReference; lastKnownFileType = sourcecode.swift; path = CurrentWeatherView.swift; sourceTree = "<group>"; };
		9B8327292A63022600B04F1D /* WeatherApp.app */ = {isa = PBXFileReference; explicitFileType = wrapper.application; includeInIndex = 0; path = WeatherApp.app; sourceTree = BUILT_PRODUCTS_DIR; };
		9B83272C2A63022600B04F1D /* WeatherAppApp.swift */ = {isa = PBXFileReference; lastKnownFileType = sourcecode.swift; path = WeatherAppApp.swift; sourceTree = "<group>"; };
		9B83272E2A63022600B04F1D /* ContentView.swift */ = {isa = PBXFileReference; lastKnownFileType = sourcecode.swift; path = ContentView.swift; sourceTree = "<group>"; };
		9B8327302A63022700B04F1D /* Assets.xcassets */ = {isa = PBXFileReference; lastKnownFileType = folder.assetcatalog; path = Assets.xcassets; sourceTree = "<group>"; };
		9B8327332A63022700B04F1D /* Preview Assets.xcassets */ = {isa = PBXFileReference; lastKnownFileType = folder.assetcatalog; path = "Preview Assets.xcassets"; sourceTree = "<group>"; };
		9B8327392A63022700B04F1D /* WeatherAppTests.xctest */ = {isa = PBXFileReference; explicitFileType = wrapper.cfbundle; includeInIndex = 0; path = WeatherAppTests.xctest; sourceTree = BUILT_PRODUCTS_DIR; };
		9B83273D2A63022700B04F1D /* WeatherAppTests.swift */ = {isa = PBXFileReference; lastKnownFileType = sourcecode.swift; path = WeatherAppTests.swift; sourceTree = "<group>"; };
		9B8327432A63022700B04F1D /* WeatherAppUITests.xctest */ = {isa = PBXFileReference; explicitFileType = wrapper.cfbundle; includeInIndex = 0; path = WeatherAppUITests.xctest; sourceTree = BUILT_PRODUCTS_DIR; };
		9B8327472A63022700B04F1D /* WeatherAppUITests.swift */ = {isa = PBXFileReference; lastKnownFileType = sourcecode.swift; path = WeatherAppUITests.swift; sourceTree = "<group>"; };
		9B8327492A63022700B04F1D /* WeatherAppUITestsLaunchTests.swift */ = {isa = PBXFileReference; lastKnownFileType = sourcecode.swift; path = WeatherAppUITestsLaunchTests.swift; sourceTree = "<group>"; };
		9B83275C2A63028600B04F1D /* WelcomeView.swift */ = {isa = PBXFileReference; lastKnownFileType = sourcecode.swift; path = WelcomeView.swift; sourceTree = "<group>"; };
		9B83275E2A63029C00B04F1D /* WelcomeViewViewModel.swift */ = {isa = PBXFileReference; lastKnownFileType = sourcecode.swift; path = WelcomeViewViewModel.swift; sourceTree = "<group>"; };
		9B8327602A63055F00B04F1D /* LocationManager.swift */ = {isa = PBXFileReference; lastKnownFileType = sourcecode.swift; path = LocationManager.swift; sourceTree = "<group>"; };
		9BBC66712A683F9C0093A394 /* Color.swift */ = {isa = PBXFileReference; lastKnownFileType = sourcecode.swift; path = Color.swift; sourceTree = "<group>"; };
		9BBC66732A68473B0093A394 /* Double.swift */ = {isa = PBXFileReference; lastKnownFileType = sourcecode.swift; path = Double.swift; sourceTree = "<group>"; };
		9BBC66772A6853850093A394 /* SwiftUIView.swift */ = {isa = PBXFileReference; lastKnownFileType = sourcecode.swift; path = SwiftUIView.swift; sourceTree = "<group>"; };
		9BBC66792A6853940093A394 /* WeatherRow.swift */ = {isa = PBXFileReference; lastKnownFileType = sourcecode.swift; path = WeatherRow.swift; sourceTree = "<group>"; };
		9BE9307E2A662E5200BAE396 /* ApiManager.swift */ = {isa = PBXFileReference; lastKnownFileType = sourcecode.swift; path = ApiManager.swift; sourceTree = "<group>"; };
/* End PBXFileReference section */

/* Begin PBXFrameworksBuildPhase section */
		9B8327262A63022600B04F1D /* Frameworks */ = {
			isa = PBXFrameworksBuildPhase;
			buildActionMask = 2147483647;
			files = (
			);
			runOnlyForDeploymentPostprocessing = 0;
		};
		9B8327362A63022700B04F1D /* Frameworks */ = {
			isa = PBXFrameworksBuildPhase;
			buildActionMask = 2147483647;
			files = (
			);
			runOnlyForDeploymentPostprocessing = 0;
		};
		9B8327402A63022700B04F1D /* Frameworks */ = {
			isa = PBXFrameworksBuildPhase;
			buildActionMask = 2147483647;
			files = (
			);
			runOnlyForDeploymentPostprocessing = 0;
		};
/* End PBXFrameworksBuildPhase section */

/* Begin PBXGroup section */
		9B8327202A63022600B04F1D = {
			isa = PBXGroup;
			children = (
				9B83272B2A63022600B04F1D /* WeatherApp */,
				9B83273C2A63022700B04F1D /* WeatherAppTests */,
				9B8327462A63022700B04F1D /* WeatherAppUITests */,
				9B83272A2A63022600B04F1D /* Products */,
			);
			sourceTree = "<group>";
		};
		9B83272A2A63022600B04F1D /* Products */ = {
			isa = PBXGroup;
			children = (
				9B8327292A63022600B04F1D /* WeatherApp.app */,
				9B8327392A63022700B04F1D /* WeatherAppTests.xctest */,
				9B8327432A63022700B04F1D /* WeatherAppUITests.xctest */,
			);
			name = Products;
			sourceTree = "<group>";
		};
		9B83272B2A63022600B04F1D /* WeatherApp */ = {
			isa = PBXGroup;
			children = (
				9BBC66702A683F8C0093A394 /* Extensions */,
				9B83275B2A63026700B04F1D /* Managers */,
				9B83275A2A63025200B04F1D /* Components */,
				9B8327592A63024B00B04F1D /* Views */,
				9B8327582A63024400B04F1D /* ViewModels */,
				9B8327572A63023C00B04F1D /* Models */,
				9B8327562A63023000B04F1D /* Others */,
				9B8327302A63022700B04F1D /* Assets.xcassets */,
				9B8327322A63022700B04F1D /* Preview Content */,
				9B33C3F82A63AC99007C8F5F /* ModelData.swift */,
				9B33C3FA2A63ACBA007C8F5F /* weatherData.json */,
			);
			path = WeatherApp;
			sourceTree = "<group>";
		};
		9B8327322A63022700B04F1D /* Preview Content */ = {
			isa = PBXGroup;
			children = (
				9B8327332A63022700B04F1D /* Preview Assets.xcassets */,
			);
			path = "Preview Content";
			sourceTree = "<group>";
		};
		9B83273C2A63022700B04F1D /* WeatherAppTests */ = {
			isa = PBXGroup;
			children = (
				9B83273D2A63022700B04F1D /* WeatherAppTests.swift */,
			);
			path = WeatherAppTests;
			sourceTree = "<group>";
		};
		9B8327462A63022700B04F1D /* WeatherAppUITests */ = {
			isa = PBXGroup;
			children = (
				9B8327472A63022700B04F1D /* WeatherAppUITests.swift */,
				9B8327492A63022700B04F1D /* WeatherAppUITestsLaunchTests.swift */,
			);
			path = WeatherAppUITests;
			sourceTree = "<group>";
		};
		9B8327562A63023000B04F1D /* Others */ = {
			isa = PBXGroup;
			children = (
				9B83272C2A63022600B04F1D /* WeatherAppApp.swift */,
				9B83272E2A63022600B04F1D /* ContentView.swift */,
			);
			path = Others;
			sourceTree = "<group>";
		};
		9B8327572A63023C00B04F1D /* Models */ = {
			isa = PBXGroup;
			children = (
			);
			path = Models;
			sourceTree = "<group>";
		};
		9B8327582A63024400B04F1D /* ViewModels */ = {
			isa = PBXGroup;
			children = (
				9B83275E2A63029C00B04F1D /* WelcomeViewViewModel.swift */,
				9B33C3F22A6390D1007C8F5F /* MainViewViewModel.swift */,
			);
			path = ViewModels;
			sourceTree = "<group>";
		};
		9B8327592A63024B00B04F1D /* Views */ = {
			isa = PBXGroup;
			children = (
				9B83275C2A63028600B04F1D /* WelcomeView.swift */,
				9B33C3F02A63907E007C8F5F /* MainView.swift */,
				9B33C3F62A6399F4007C8F5F /* LoadingView.swift */,
				9B33C3FE2A63AD98007C8F5F /* CurrentWeatherView.swift */,
			);
			path = Views;
			sourceTree = "<group>";
		};
		9B83275A2A63025200B04F1D /* Components */ = {
			isa = PBXGroup;
			children = (
				9BBC66772A6853850093A394 /* SwiftUIView.swift */,
				9BBC66792A6853940093A394 /* WeatherRow.swift */,
			);
			path = Components;
			sourceTree = "<group>";
		};
		9B83275B2A63026700B04F1D /* Managers */ = {
			isa = PBXGroup;
			children = (
				9B8327602A63055F00B04F1D /* LocationManager.swift */,
				9B33C3F42A6399B6007C8F5F /* WeatherManager.swift */,
				9BE9307E2A662E5200BAE396 /* ApiManager.swift */,
			);
			path = Managers;
			sourceTree = "<group>";
		};
		9BBC66702A683F8C0093A394 /* Extensions */ = {
			isa = PBXGroup;
			children = (
				9BBC66712A683F9C0093A394 /* Color.swift */,
				9BBC66732A68473B0093A394 /* Double.swift */,
			);
			path = Extensions;
			sourceTree = "<group>";
		};
/* End PBXGroup section */

/* Begin PBXNativeTarget section */
		9B8327282A63022600B04F1D /* WeatherApp */ = {
			isa = PBXNativeTarget;
			buildConfigurationList = 9B83274D2A63022700B04F1D /* Build configuration list for PBXNativeTarget "WeatherApp" */;
			buildPhases = (
				9B8327252A63022600B04F1D /* Sources */,
				9B8327262A63022600B04F1D /* Frameworks */,
				9B8327272A63022600B04F1D /* Resources */,
			);
			buildRules = (
			);
			dependencies = (
			);
			name = WeatherApp;
			productName = WeatherApp;
			productReference = 9B8327292A63022600B04F1D /* WeatherApp.app */;
			productType = "com.apple.product-type.application";
		};
		9B8327382A63022700B04F1D /* WeatherAppTests */ = {
			isa = PBXNativeTarget;
			buildConfigurationList = 9B8327502A63022700B04F1D /* Build configuration list for PBXNativeTarget "WeatherAppTests" */;
			buildPhases = (
				9B8327352A63022700B04F1D /* Sources */,
				9B8327362A63022700B04F1D /* Frameworks */,
				9B8327372A63022700B04F1D /* Resources */,
			);
			buildRules = (
			);
			dependencies = (
				9B83273B2A63022700B04F1D /* PBXTargetDependency */,
			);
			name = WeatherAppTests;
			productName = WeatherAppTests;
			productReference = 9B8327392A63022700B04F1D /* WeatherAppTests.xctest */;
			productType = "com.apple.product-type.bundle.unit-test";
		};
		9B8327422A63022700B04F1D /* WeatherAppUITests */ = {
			isa = PBXNativeTarget;
			buildConfigurationList = 9B8327532A63022700B04F1D /* Build configuration list for PBXNativeTarget "WeatherAppUITests" */;
			buildPhases = (
				9B83273F2A63022700B04F1D /* Sources */,
				9B8327402A63022700B04F1D /* Frameworks */,
				9B8327412A63022700B04F1D /* Resources */,
			);
			buildRules = (
			);
			dependencies = (
				9B8327452A63022700B04F1D /* PBXTargetDependency */,
			);
			name = WeatherAppUITests;
			productName = WeatherAppUITests;
			productReference = 9B8327432A63022700B04F1D /* WeatherAppUITests.xctest */;
			productType = "com.apple.product-type.bundle.ui-testing";
		};
/* End PBXNativeTarget section */

/* Begin PBXProject section */
		9B8327212A63022600B04F1D /* Project object */ = {
			isa = PBXProject;
			attributes = {
				BuildIndependentTargetsInParallel = 1;
				LastSwiftUpdateCheck = 1430;
				LastUpgradeCheck = 1430;
				TargetAttributes = {
					9B8327282A63022600B04F1D = {
						CreatedOnToolsVersion = 14.3.1;
					};
					9B8327382A63022700B04F1D = {
						CreatedOnToolsVersion = 14.3.1;
						TestTargetID = 9B8327282A63022600B04F1D;
					};
					9B8327422A63022700B04F1D = {
						CreatedOnToolsVersion = 14.3.1;
						TestTargetID = 9B8327282A63022600B04F1D;
					};
				};
			};
			buildConfigurationList = 9B8327242A63022600B04F1D /* Build configuration list for PBXProject "WeatherApp" */;
			compatibilityVersion = "Xcode 14.0";
			developmentRegion = en;
			hasScannedForEncodings = 0;
			knownRegions = (
				en,
				Base,
			);
			mainGroup = 9B8327202A63022600B04F1D;
			productRefGroup = 9B83272A2A63022600B04F1D /* Products */;
			projectDirPath = "";
			projectRoot = "";
			targets = (
				9B8327282A63022600B04F1D /* WeatherApp */,
				9B8327382A63022700B04F1D /* WeatherAppTests */,
				9B8327422A63022700B04F1D /* WeatherAppUITests */,
			);
		};
/* End PBXProject section */

/* Begin PBXResourcesBuildPhase section */
		9B8327272A63022600B04F1D /* Resources */ = {
			isa = PBXResourcesBuildPhase;
			buildActionMask = 2147483647;
			files = (
				9B8327342A63022700B04F1D /* Preview Assets.xcassets in Resources */,
				9B33C3FB2A63ACBA007C8F5F /* weatherData.json in Resources */,
				9B8327312A63022700B04F1D /* Assets.xcassets in Resources */,
			);
			runOnlyForDeploymentPostprocessing = 0;
		};
		9B8327372A63022700B04F1D /* Resources */ = {
			isa = PBXResourcesBuildPhase;
			buildActionMask = 2147483647;
			files = (
			);
			runOnlyForDeploymentPostprocessing = 0;
		};
		9B8327412A63022700B04F1D /* Resources */ = {
			isa = PBXResourcesBuildPhase;
			buildActionMask = 2147483647;
			files = (
			);
			runOnlyForDeploymentPostprocessing = 0;
		};
/* End PBXResourcesBuildPhase section */

/* Begin PBXSourcesBuildPhase section */
		9B8327252A63022600B04F1D /* Sources */ = {
			isa = PBXSourcesBuildPhase;
			buildActionMask = 2147483647;
			files = (
				9B83275F2A63029C00B04F1D /* WelcomeViewViewModel.swift in Sources */,
				9B33C3F12A63907E007C8F5F /* MainView.swift in Sources */,
				9B33C3F52A6399B6007C8F5F /* WeatherManager.swift in Sources */,
				9BBC667A2A6853940093A394 /* WeatherRow.swift in Sources */,
				9B33C3F32A6390D1007C8F5F /* MainViewViewModel.swift in Sources */,
				9BBC66722A683F9C0093A394 /* Color.swift in Sources */,
				9BE9307F2A662E5200BAE396 /* ApiManager.swift in Sources */,
				9BBC66742A68473B0093A394 /* Double.swift in Sources */,
				9B83272F2A63022600B04F1D /* ContentView.swift in Sources */,
				9B33C3FF2A63AD98007C8F5F /* CurrentWeatherView.swift in Sources */,
				9B8327612A63055F00B04F1D /* LocationManager.swift in Sources */,
				9B83275D2A63028600B04F1D /* WelcomeView.swift in Sources */,
				9B33C3F92A63AC99007C8F5F /* ModelData.swift in Sources */,
				9B83272D2A63022600B04F1D /* WeatherAppApp.swift in Sources */,
				9B33C3F72A6399F4007C8F5F /* LoadingView.swift in Sources */,
				9BBC66782A6853850093A394 /* SwiftUIView.swift in Sources */,
			);
			runOnlyForDeploymentPostprocessing = 0;
		};
		9B8327352A63022700B04F1D /* Sources */ = {
			isa = PBXSourcesBuildPhase;
			buildActionMask = 2147483647;
			files = (
				9B83273E2A63022700B04F1D /* WeatherAppTests.swift in Sources */,
			);
			runOnlyForDeploymentPostprocessing = 0;
		};
		9B83273F2A63022700B04F1D /* Sources */ = {
			isa = PBXSourcesBuildPhase;
			buildActionMask = 2147483647;
			files = (
				9B8327482A63022700B04F1D /* WeatherAppUITests.swift in Sources */,
				9B83274A2A63022700B04F1D /* WeatherAppUITestsLaunchTests.swift in Sources */,
			);
			runOnlyForDeploymentPostprocessing = 0;
		};
/* End PBXSourcesBuildPhase section */

/* Begin PBXTargetDependency section */
		9B83273B2A63022700B04F1D /* PBXTargetDependency */ = {
			isa = PBXTargetDependency;
			target = 9B8327282A63022600B04F1D /* WeatherApp */;
			targetProxy = 9B83273A2A63022700B04F1D /* PBXContainerItemProxy */;
		};
		9B8327452A63022700B04F1D /* PBXTargetDependency */ = {
			isa = PBXTargetDependency;
			target = 9B8327282A63022600B04F1D /* WeatherApp */;
			targetProxy = 9B8327442A63022700B04F1D /* PBXContainerItemProxy */;
		};
/* End PBXTargetDependency section */

/* Begin XCBuildConfiguration section */
		9B83274B2A63022700B04F1D /* Debug */ = {
			isa = XCBuildConfiguration;
			buildSettings = {
				ALWAYS_SEARCH_USER_PATHS = NO;
				CLANG_ANALYZER_NONNULL = YES;
				CLANG_ANALYZER_NUMBER_OBJECT_CONVERSION = YES_AGGRESSIVE;
				CLANG_CXX_LANGUAGE_STANDARD = "gnu++20";
				CLANG_ENABLE_MODULES = YES;
				CLANG_ENABLE_OBJC_ARC = YES;
				CLANG_ENABLE_OBJC_WEAK = YES;
				CLANG_WARN_BLOCK_CAPTURE_AUTORELEASING = YES;
				CLANG_WARN_BOOL_CONVERSION = YES;
				CLANG_WARN_COMMA = YES;
				CLANG_WARN_CONSTANT_CONVERSION = YES;
				CLANG_WARN_DEPRECATED_OBJC_IMPLEMENTATIONS = YES;
				CLANG_WARN_DIRECT_OBJC_ISA_USAGE = YES_ERROR;
				CLANG_WARN_DOCUMENTATION_COMMENTS = YES;
				CLANG_WARN_EMPTY_BODY = YES;
				CLANG_WARN_ENUM_CONVERSION = YES;
				CLANG_WARN_INFINITE_RECURSION = YES;
				CLANG_WARN_INT_CONVERSION = YES;
				CLANG_WARN_NON_LITERAL_NULL_CONVERSION = YES;
				CLANG_WARN_OBJC_IMPLICIT_RETAIN_SELF = YES;
				CLANG_WARN_OBJC_LITERAL_CONVERSION = YES;
				CLANG_WARN_OBJC_ROOT_CLASS = YES_ERROR;
				CLANG_WARN_QUOTED_INCLUDE_IN_FRAMEWORK_HEADER = YES;
				CLANG_WARN_RANGE_LOOP_ANALYSIS = YES;
				CLANG_WARN_STRICT_PROTOTYPES = YES;
				CLANG_WARN_SUSPICIOUS_MOVE = YES;
				CLANG_WARN_UNGUARDED_AVAILABILITY = YES_AGGRESSIVE;
				CLANG_WARN_UNREACHABLE_CODE = YES;
				CLANG_WARN__DUPLICATE_METHOD_MATCH = YES;
				COPY_PHASE_STRIP = NO;
				DEBUG_INFORMATION_FORMAT = dwarf;
				ENABLE_STRICT_OBJC_MSGSEND = YES;
				ENABLE_TESTABILITY = YES;
				GCC_C_LANGUAGE_STANDARD = gnu11;
				GCC_DYNAMIC_NO_PIC = NO;
				GCC_NO_COMMON_BLOCKS = YES;
				GCC_OPTIMIZATION_LEVEL = 0;
				GCC_PREPROCESSOR_DEFINITIONS = (
					"DEBUG=1",
					"$(inherited)",
				);
				GCC_WARN_64_TO_32_BIT_CONVERSION = YES;
				GCC_WARN_ABOUT_RETURN_TYPE = YES_ERROR;
				GCC_WARN_UNDECLARED_SELECTOR = YES;
				GCC_WARN_UNINITIALIZED_AUTOS = YES_AGGRESSIVE;
				GCC_WARN_UNUSED_FUNCTION = YES;
				GCC_WARN_UNUSED_VARIABLE = YES;
				IPHONEOS_DEPLOYMENT_TARGET = 16.4;
				MTL_ENABLE_DEBUG_INFO = INCLUDE_SOURCE;
				MTL_FAST_MATH = YES;
				ONLY_ACTIVE_ARCH = YES;
				SDKROOT = iphoneos;
				SWIFT_ACTIVE_COMPILATION_CONDITIONS = DEBUG;
				SWIFT_OPTIMIZATION_LEVEL = "-Onone";
			};
			name = Debug;
		};
		9B83274C2A63022700B04F1D /* Release */ = {
			isa = XCBuildConfiguration;
			buildSettings = {
				ALWAYS_SEARCH_USER_PATHS = NO;
				CLANG_ANALYZER_NONNULL = YES;
				CLANG_ANALYZER_NUMBER_OBJECT_CONVERSION = YES_AGGRESSIVE;
				CLANG_CXX_LANGUAGE_STANDARD = "gnu++20";
				CLANG_ENABLE_MODULES = YES;
				CLANG_ENABLE_OBJC_ARC = YES;
				CLANG_ENABLE_OBJC_WEAK = YES;
				CLANG_WARN_BLOCK_CAPTURE_AUTORELEASING = YES;
				CLANG_WARN_BOOL_CONVERSION = YES;
				CLANG_WARN_COMMA = YES;
				CLANG_WARN_CONSTANT_CONVERSION = YES;
				CLANG_WARN_DEPRECATED_OBJC_IMPLEMENTATIONS = YES;
				CLANG_WARN_DIRECT_OBJC_ISA_USAGE = YES_ERROR;
				CLANG_WARN_DOCUMENTATION_COMMENTS = YES;
				CLANG_WARN_EMPTY_BODY = YES;
				CLANG_WARN_ENUM_CONVERSION = YES;
				CLANG_WARN_INFINITE_RECURSION = YES;
				CLANG_WARN_INT_CONVERSION = YES;
				CLANG_WARN_NON_LITERAL_NULL_CONVERSION = YES;
				CLANG_WARN_OBJC_IMPLICIT_RETAIN_SELF = YES;
				CLANG_WARN_OBJC_LITERAL_CONVERSION = YES;
				CLANG_WARN_OBJC_ROOT_CLASS = YES_ERROR;
				CLANG_WARN_QUOTED_INCLUDE_IN_FRAMEWORK_HEADER = YES;
				CLANG_WARN_RANGE_LOOP_ANALYSIS = YES;
				CLANG_WARN_STRICT_PROTOTYPES = YES;
				CLANG_WARN_SUSPICIOUS_MOVE = YES;
				CLANG_WARN_UNGUARDED_AVAILABILITY = YES_AGGRESSIVE;
				CLANG_WARN_UNREACHABLE_CODE = YES;
				CLANG_WARN__DUPLICATE_METHOD_MATCH = YES;
				COPY_PHASE_STRIP = NO;
				DEBUG_INFORMATION_FORMAT = "dwarf-with-dsym";
				ENABLE_NS_ASSERTIONS = NO;
				ENABLE_STRICT_OBJC_MSGSEND = YES;
				GCC_C_LANGUAGE_STANDARD = gnu11;
				GCC_NO_COMMON_BLOCKS = YES;
				GCC_WARN_64_TO_32_BIT_CONVERSION = YES;
				GCC_WARN_ABOUT_RETURN_TYPE = YES_ERROR;
				GCC_WARN_UNDECLARED_SELECTOR = YES;
				GCC_WARN_UNINITIALIZED_AUTOS = YES_AGGRESSIVE;
				GCC_WARN_UNUSED_FUNCTION = YES;
				GCC_WARN_UNUSED_VARIABLE = YES;
				IPHONEOS_DEPLOYMENT_TARGET = 16.4;
				MTL_ENABLE_DEBUG_INFO = NO;
				MTL_FAST_MATH = YES;
				SDKROOT = iphoneos;
				SWIFT_COMPILATION_MODE = wholemodule;
				SWIFT_OPTIMIZATION_LEVEL = "-O";
				VALIDATE_PRODUCT = YES;
			};
			name = Release;
		};
		9B83274E2A63022700B04F1D /* Debug */ = {
			isa = XCBuildConfiguration;
			buildSettings = {
				ASSETCATALOG_COMPILER_APPICON_NAME = AppIcon;
				ASSETCATALOG_COMPILER_GLOBAL_ACCENT_COLOR_NAME = AccentColor;
				CODE_SIGN_STYLE = Automatic;
				CURRENT_PROJECT_VERSION = 1;
				DEVELOPMENT_ASSET_PATHS = "\"WeatherApp/Preview Content\"";
				DEVELOPMENT_TEAM = 2NMN35B6FV;
				ENABLE_PREVIEWS = YES;
				GENERATE_INFOPLIST_FILE = YES;
				INFOPLIST_KEY_NSLocationAlwaysAndWhenInUseUsageDescription = demo;
				INFOPLIST_KEY_NSLocationAlwaysUsageDescription = Demo;
				INFOPLIST_KEY_NSLocationTemporaryUsageDescriptionDictionary = demo3;
				INFOPLIST_KEY_NSLocationUsageDescription = demo4;
				INFOPLIST_KEY_NSLocationWhenInUseUsageDescription = demo5;
				INFOPLIST_KEY_UIApplicationSceneManifest_Generation = YES;
				INFOPLIST_KEY_UIApplicationSupportsIndirectInputEvents = YES;
				INFOPLIST_KEY_UILaunchScreen_Generation = YES;
				INFOPLIST_KEY_UISupportedInterfaceOrientations_iPad = "UIInterfaceOrientationPortrait UIInterfaceOrientationPortraitUpsideDown UIInterfaceOrientationLandscapeLeft UIInterfaceOrientationLandscapeRight";
				INFOPLIST_KEY_UISupportedInterfaceOrientations_iPhone = "UIInterfaceOrientationPortrait UIInterfaceOrientationLandscapeLeft UIInterfaceOrientationLandscapeRight";
				IPHONEOS_DEPLOYMENT_TARGET = 16.0;
				LD_RUNPATH_SEARCH_PATHS = (
					"$(inherited)",
					"@executable_path/Frameworks",
				);
				MARKETING_VERSION = 1.0;
				PRODUCT_BUNDLE_IDENTIFIER = io.datdo.WeatherApp;
				PRODUCT_NAME = "$(TARGET_NAME)";
				SWIFT_EMIT_LOC_STRINGS = YES;
				SWIFT_VERSION = 5.0;
				TARGETED_DEVICE_FAMILY = "1,2";
			};
			name = Debug;
		};
		9B83274F2A63022700B04F1D /* Release */ = {
			isa = XCBuildConfiguration;
			buildSettings = {
				ASSETCATALOG_COMPILER_APPICON_NAME = AppIcon;
				ASSETCATALOG_COMPILER_GLOBAL_ACCENT_COLOR_NAME = AccentColor;
				CODE_SIGN_STYLE = Automatic;
				CURRENT_PROJECT_VERSION = 1;
				DEVELOPMENT_ASSET_PATHS = "\"WeatherApp/Preview Content\"";
				DEVELOPMENT_TEAM = 2NMN35B6FV;
				ENABLE_PREVIEWS = YES;
				GENERATE_INFOPLIST_FILE = YES;
				INFOPLIST_KEY_NSLocationAlwaysAndWhenInUseUsageDescription = demo;
				INFOPLIST_KEY_NSLocationAlwaysUsageDescription = Demo;
				INFOPLIST_KEY_NSLocationTemporaryUsageDescriptionDictionary = demo3;
				INFOPLIST_KEY_NSLocationUsageDescription = demo4;
				INFOPLIST_KEY_NSLocationWhenInUseUsageDescription = demo5;
				INFOPLIST_KEY_UIApplicationSceneManifest_Generation = YES;
				INFOPLIST_KEY_UIApplicationSupportsIndirectInputEvents = YES;
				INFOPLIST_KEY_UILaunchScreen_Generation = YES;
				INFOPLIST_KEY_UISupportedInterfaceOrientations_iPad = "UIInterfaceOrientationPortrait UIInterfaceOrientationPortraitUpsideDown UIInterfaceOrientationLandscapeLeft UIInterfaceOrientationLandscapeRight";
				INFOPLIST_KEY_UISupportedInterfaceOrientations_iPhone = "UIInterfaceOrientationPortrait UIInterfaceOrientationLandscapeLeft UIInterfaceOrientationLandscapeRight";
				IPHONEOS_DEPLOYMENT_TARGET = 16.0;
				LD_RUNPATH_SEARCH_PATHS = (
					"$(inherited)",
					"@executable_path/Frameworks",
				);
				MARKETING_VERSION = 1.0;
				PRODUCT_BUNDLE_IDENTIFIER = io.datdo.WeatherApp;
				PRODUCT_NAME = "$(TARGET_NAME)";
				SWIFT_EMIT_LOC_STRINGS = YES;
				SWIFT_VERSION = 5.0;
				TARGETED_DEVICE_FAMILY = "1,2";
			};
			name = Release;
		};
		9B8327512A63022700B04F1D /* Debug */ = {
			isa = XCBuildConfiguration;
			buildSettings = {
				ALWAYS_EMBED_SWIFT_STANDARD_LIBRARIES = YES;
				BUNDLE_LOADER = "$(TEST_HOST)";
				CODE_SIGN_STYLE = Automatic;
				CURRENT_PROJECT_VERSION = 1;
				GENERATE_INFOPLIST_FILE = YES;
				IPHONEOS_DEPLOYMENT_TARGET = 16.4;
				MARKETING_VERSION = 1.0;
				PRODUCT_BUNDLE_IDENTIFIER = io.dado.WeatherAppTests;
				PRODUCT_NAME = "$(TARGET_NAME)";
				SWIFT_EMIT_LOC_STRINGS = NO;
				SWIFT_VERSION = 5.0;
				TARGETED_DEVICE_FAMILY = "1,2";
				TEST_HOST = "$(BUILT_PRODUCTS_DIR)/WeatherApp.app/$(BUNDLE_EXECUTABLE_FOLDER_PATH)/WeatherApp";
			};
			name = Debug;
		};
		9B8327522A63022700B04F1D /* Release */ = {
			isa = XCBuildConfiguration;
			buildSettings = {
				ALWAYS_EMBED_SWIFT_STANDARD_LIBRARIES = YES;
				BUNDLE_LOADER = "$(TEST_HOST)";
				CODE_SIGN_STYLE = Automatic;
				CURRENT_PROJECT_VERSION = 1;
				GENERATE_INFOPLIST_FILE = YES;
				IPHONEOS_DEPLOYMENT_TARGET = 16.4;
				MARKETING_VERSION = 1.0;
				PRODUCT_BUNDLE_IDENTIFIER = io.dado.WeatherAppTests;
				PRODUCT_NAME = "$(TARGET_NAME)";
				SWIFT_EMIT_LOC_STRINGS = NO;
				SWIFT_VERSION = 5.0;
				TARGETED_DEVICE_FAMILY = "1,2";
				TEST_HOST = "$(BUILT_PRODUCTS_DIR)/WeatherApp.app/$(BUNDLE_EXECUTABLE_FOLDER_PATH)/WeatherApp";
			};
			name = Release;
		};
		9B8327542A63022700B04F1D /* Debug */ = {
			isa = XCBuildConfiguration;
			buildSettings = {
				ALWAYS_EMBED_SWIFT_STANDARD_LIBRARIES = YES;
				CODE_SIGN_STYLE = Automatic;
				CURRENT_PROJECT_VERSION = 1;
				GENERATE_INFOPLIST_FILE = YES;
				MARKETING_VERSION = 1.0;
				PRODUCT_BUNDLE_IDENTIFIER = io.dado.WeatherAppUITests;
				PRODUCT_NAME = "$(TARGET_NAME)";
				SWIFT_EMIT_LOC_STRINGS = NO;
				SWIFT_VERSION = 5.0;
				TARGETED_DEVICE_FAMILY = "1,2";
				TEST_TARGET_NAME = WeatherApp;
			};
			name = Debug;
		};
		9B8327552A63022700B04F1D /* Release */ = {
			isa = XCBuildConfiguration;
			buildSettings = {
				ALWAYS_EMBED_SWIFT_STANDARD_LIBRARIES = YES;
				CODE_SIGN_STYLE = Automatic;
				CURRENT_PROJECT_VERSION = 1;
				GENERATE_INFOPLIST_FILE = YES;
				MARKETING_VERSION = 1.0;
				PRODUCT_BUNDLE_IDENTIFIER = io.dado.WeatherAppUITests;
				PRODUCT_NAME = "$(TARGET_NAME)";
				SWIFT_EMIT_LOC_STRINGS = NO;
				SWIFT_VERSION = 5.0;
				TARGETED_DEVICE_FAMILY = "1,2";
				TEST_TARGET_NAME = WeatherApp;
			};
			name = Release;
		};
/* End XCBuildConfiguration section */

/* Begin XCConfigurationList section */
		9B8327242A63022600B04F1D /* Build configuration list for PBXProject "WeatherApp" */ = {
			isa = XCConfigurationList;
			buildConfigurations = (
				9B83274B2A63022700B04F1D /* Debug */,
				9B83274C2A63022700B04F1D /* Release */,
			);
			defaultConfigurationIsVisible = 0;
			defaultConfigurationName = Release;
		};
		9B83274D2A63022700B04F1D /* Build configuration list for PBXNativeTarget "WeatherApp" */ = {
			isa = XCConfigurationList;
			buildConfigurations = (
				9B83274E2A63022700B04F1D /* Debug */,
				9B83274F2A63022700B04F1D /* Release */,
			);
			defaultConfigurationIsVisible = 0;
			defaultConfigurationName = Release;
		};
		9B8327502A63022700B04F1D /* Build configuration list for PBXNativeTarget "WeatherAppTests" */ = {
			isa = XCConfigurationList;
			buildConfigurations = (
				9B8327512A63022700B04F1D /* Debug */,
				9B8327522A63022700B04F1D /* Release */,
			);
			defaultConfigurationIsVisible = 0;
			defaultConfigurationName = Release;
		};
		9B8327532A63022700B04F1D /* Build configuration list for PBXNativeTarget "WeatherAppUITests" */ = {
			isa = XCConfigurationList;
			buildConfigurations = (
				9B8327542A63022700B04F1D /* Debug */,
				9B8327552A63022700B04F1D /* Release */,
			);
			defaultConfigurationIsVisible = 0;
			defaultConfigurationName = Release;
		};
/* End XCConfigurationList section */
	};
	rootObject = 9B8327212A63022600B04F1D /* Project object */;
}
